
Microsoft Visual Studio Solution File, Format Version 12.00
# Visual Studio 14
VisualStudioVersion = 14.0.25420.1
MinimumVisualStudioVersion = 10.0.40219.1
Project("{FAE04EC0-301F-11D3-BF4B-00C04F79EFBC}") = "MusicPlayerApp", "MusicPlayerApp\MusicPlayerApp.csproj", "{83882776-45ED-4777-A0C9-011FCA8DBC55}"
EndProject
Global
	GlobalSection(SolutionConfigurationPlatforms) = preSolution
		Debug|Any CPU = Debug|Any CPU
		Release|Any CPU = Release|Any CPU
	EndGlobalSection
	GlobalSection(ProjectConfigurationPlatforms) = postSolution
		{83882776-45ED-4777-A0C9-011FCA8DBC55}.Debug|Any CPU.ActiveCfg = Debug|Any CPU
		{83882776-45ED-4777-A0C9-011FCA8DBC55}.Debug|Any CPU.Build.0 = Debug|Any CPU
		{83882776-45ED-4777-A0C9-011FCA8DBC55}.Release|Any CPU.ActiveCfg = Release|Any CPU
		{83882776-45ED-4777-A0C9-011FCA8DBC55}.Release|Any CPU.Build.0 = Release|Any CPU
	EndGlobalSection
	GlobalSection(SolutionProperties) = preSolution
		HideSolutionNode = FALSE
	EndGlobalSection
EndGlobal
